
Microsoft Visual Studio Solution File, Format Version 12.00
# Visual Studio 2017
Project("{FAE04EC0-301F-11D3-BF4B-00C04F79EFBC}") = "HoloLens", "HoloLens.csproj", "{2BCECF5C-8B19-D3DB-E144-A19382A694DC}"
EndProject
Project("{FAE04EC0-301F-11D3-BF4B-00C04F79EFBC}") = "HoloLens.Player", "HoloLens.Player.csproj", "{2BCECF5C-8B19-D3DB-E144-A19382A694DC}"
EndProject
Global
	GlobalSection(SolutionConfigurationPlatforms) = preSolution
		Debug|Any CPU = Debug|Any CPU
		Release|Any CPU = Release|Any CPU
	EndGlobalSection
	GlobalSection(ProjectConfigurationPlatforms) = postSolution
		{2BCECF5C-8B19-D3DB-E144-A19382A694DC}.Debug|Any CPU.ActiveCfg = Debug|Any CPU
		{2BCECF5C-8B19-D3DB-E144-A19382A694DC}.Debug|Any CPU.Build.0 = Debug|Any CPU
		{2BCECF5C-8B19-D3DB-E144-A19382A694DC}.Release|Any CPU.ActiveCfg = Release|Any CPU
		{2BCECF5C-8B19-D3DB-E144-A19382A694DC}.Release|Any CPU.Build.0 = Release|Any CPU
		{2BCECF5C-8B19-D3DB-E144-A19382A694DC}.Debug|Any CPU.ActiveCfg = Debug|Any CPU
		{2BCECF5C-8B19-D3DB-E144-A19382A694DC}.Debug|Any CPU.Build.0 = Debug|Any CPU
		{2BCECF5C-8B19-D3DB-E144-A19382A694DC}.Release|Any CPU.ActiveCfg = Release|Any CPU
		{2BCECF5C-8B19-D3DB-E144-A19382A694DC}.Release|Any CPU.Build.0 = Release|Any CPU
	EndGlobalSection
	GlobalSection(SolutionProperties) = preSolution
		HideSolutionNode = FALSE
	EndGlobalSection
EndGlobal
